symfony c3fc52ef82fa4d5f2c71943acd82b5b4de54bb08
twig 4655dbbe42f48336900106b7cdf71bc2f6a2dfb6
monolog b704c49a3051536f67f2d39f13568f74615b9922
doctrine-common f227783227f7bb05f91a997d503b76c5a015611b
doctrine-dbal 7101ecd7428e38a0c2edd1a5f23ab3c37ea48423
doctrine c391287cc4909f38f6114403f466f2b3c83b0c48
swiftmailer daaff2b8515390fbb10882647311f476b89a67e6
assetic f829ad23d23c87480151a21faad49fefe7c09e5d
twig-extensions d5851b96f06442e74590e5540a4209e9e3946243
metadata 97a9d29120d5cfe93550609a93135dbed3f89be3
SensioFrameworkExtraBundle dcd40eb4e2fff2d82fad644bb44fc2a40ccaf381
JMSSecurityExtraBundle 7e805acd9554efac796d0f350aed1c070e0a1536
SensioDistributionBundle 2e0060d701949d2ad4b32c6c3c6c50c0d8f75fba
SensioGeneratorBundle c6af9719ae9e81fa4e086f40697d35e7090921cc
AsseticBundle 41b5913b5086a0909af92adcb4a6005ee0051b16
doctrine-mongodb acddb3855ca6db9ca9f53cb432ed3f13ee7223f4
doctrine-mongodb-odm 44cd7ddf0dd65ced4bdcf372011215e35a059c2e
doctrine-migrations 73c7570042fb8d0bb74281164c55ae5740562d4b
doctrine-fixtures 3ef3f667cc7a4552beee2fc4abefd4da1a43557c
DoctrineFixturesBundle a66be2f077f3a4e5c3801b356b42b8782f1abbd6
DoctrineMigrationsBundle dd9a336c574301b0b6a7e82a0865cab3d4d95503
DoctrineMongoDBBundle de220c5771a6cbb480e29d27119dabf8cd776a59
gedmo-doctrine-extensions e702c728dbc46b02cceb6a92264d7e4cf1cec102
DoctrineExtensionsBundle 325df80948419a04498cce535a271a0b40baf457
twitteroauth 9a8a027bebc8cc561b66845a0e73acc10b130c89
MastopBundles 1dce5282f94f3db2b567ed0d401d9a08782b3372
JMSAopBundle 19856aedb285d3731334f8f7327af0020ab4914b
DiExtraBundle 10892342395f1dd4fa22e59d6f686bec6cdc321b
cg-library b10707095ae95b1190d0f445c37718e07982dbcc