symfony c18f5a8d94d274d462200b135e1d739ee93cbbd1
twig 103e85729021d557e9cf389a9b5408bc5a1651e4
monolog b704c49a3051536f67f2d39f13568f74615b9922
doctrine-common b44ea1dc14e9bbb1a39b37a39875f7a8d4351b82
doctrine-dbal ce227fa83e684aeb9d5bc7fa7bdfc5170f91c400
doctrine 305da5b8ff0ddfc667c1a770404a22f97f3270b1
swiftmailer daaff2b8515390fbb10882647311f476b89a67e6
assetic f829ad23d23c87480151a21faad49fefe7c09e5d
twig-extensions eba4f5d572bec05c72a47bbd73ba0a3330cf8f54
metadata b633dd5cf8997c27e8a4942108aede2a998606a5
SensioFrameworkExtraBundle b6565d32d71325be1f56943a8758b18f5999de8c
JMSSecurityExtraBundle 52dead53b02b1d6554f58c4bd45a6c534485ee48
SensioDistributionBundle a186b53154bc137a65802ef567e4a2eee2082d21
SensioGeneratorBundle 2016dd4752ec52990b3fb304d68422eab3b1e8e0
AsseticBundle 41b5913b5086a0909af92adcb4a6005ee0051b16
doctrine-mongodb 85a573991ba96971b20fc9651f627d249e55d68a
doctrine-mongodb-odm a81cfd1044e2295e0e244f3bb93a0ecb57b65148
doctrine-migrations 73c7570042fb8d0bb74281164c55ae5740562d4b
doctrine-fixtures 3ef3f667cc7a4552beee2fc4abefd4da1a43557c
DoctrineFixturesBundle a66be2f077f3a4e5c3801b356b42b8782f1abbd6
DoctrineMigrationsBundle dd9a336c574301b0b6a7e82a0865cab3d4d95503
DoctrineMongoDBBundle fd72679a24c2ca2b1cc8de00514579e5a1b54751
gedmo-doctrine-extensions e702c728dbc46b02cceb6a92264d7e4cf1cec102
DoctrineExtensionsBundle 325df80948419a04498cce535a271a0b40baf457
twitteroauth 9a8a027bebc8cc561b66845a0e73acc10b130c89
MastopBundles 1dce5282f94f3db2b567ed0d401d9a08782b3372
JMSAopBundle 16106fc6297a6257f5860af4c5099bba4a859128
DiExtraBundle 6fdd3c265a70affaac1f99ae04d42f718108e4bf
cg-library 07dc64df71b926ec12e9c50c8860fe8b7818b81b