symfony 916597eb292ac9b84a5be82d224f8161c2a768ae
twig 310020ac9815d90da553c6981ed2dc777ef27c5a
monolog b704c49a3051536f67f2d39f13568f74615b9922
doctrine-common fc26d10d97dc773923a8d561e9301c3c73b9cc70
doctrine-dbal a62df7387b2132195ea43b528ed1e5fe2a5c7210
doctrine e774b1d8c0653098e715efaba788aa644fbf2371
swiftmailer 982b4c9498b7dd85e70f6d35e65d909c888e6345
assetic f829ad23d23c87480151a21faad49fefe7c09e5d
twig-extensions 1dfff8e793f50f651c4f74f796c2c68a4aee3147
metadata 7d97f1725063f04ef1894a86740b261daf229b89
SensioFrameworkExtraBundle 638f545b7020b9e9d5944a7e3167f60ed848250d
JMSSecurityExtraBundle 4dc8223afa9a38cc467e0a858ef5741e6cc3987d
SensioDistributionBundle f00c99854ff161b006a200d8dffa0013981d5373
SensioGeneratorBundle 67bf607b41f930f93f2032d069be535ecaa21730
AsseticBundle 41b5913b5086a0909af92adcb4a6005ee0051b16
DoctrineBundle abe90def038b907703297afccb790b229706cb71
doctrine-mongodb a9e1aad09e54003d1c80b004f01303db412fa7dd
doctrine-mongodb-odm f8d42193d11d8322c6262d34dbfc51ac6c020566
migrations 9e81984b0f126b0830d9ac6acc2d1da81aba2b94
data-fixtures bed8908ae929562317e5c59dc0bee24f3b63067e
DoctrineFixturesBundle fc45e537cf4925f1a7fb636b89e248fc949e8d48
DoctrineMigrationsBundle 2736cc88b7086bde0e8a04ba70dd8848ab6fa135
DoctrineMongoDBBundle b2ec2be75f2147ff2424bdc72af602ad5143d3a4
gedmo-doctrine-extensions e702c728dbc46b02cceb6a92264d7e4cf1cec102
DoctrineExtensionsBundle 18576d358e0a4c5fa71386b7d56c3066a0ff126d
twitteroauth f05dd67e04ade8d89c3c521a172bf8baebdeaa83
MastopBundles 1dce5282f94f3db2b567ed0d401d9a08782b3372
JMSAopBundle 431569cae2005e42fe502a55165a7b1fb9593bf3
DiExtraBundle 1135c6db485f50c1f496c460556a23ed16c80a26
cg-library 13714f7ba832080e11f65c077c495439d68b62d1